
Microsoft Visual Studio Solution File, Format Version 12.00
# Visual Studio Version 17
VisualStudioVersion = 17.6.33815.320
MinimumVisualStudioVersion = 10.0.40219.1
Project("{FAE04EC0-301F-11D3-BF4B-00C04F79EFBC}") = "WpfApp1", "WpfApp1\WpfApp1.csproj", "{C0367A5B-BFC6-49DA-9734-89B9572FE5C3}"
EndProject
Global
	GlobalSection(SolutionConfigurationPlatforms) = preSolution
		Debug|Any CPU = Debug|Any CPU
		Release|Any CPU = Release|Any CPU
	EndGlobalSection
	GlobalSection(ProjectConfigurationPlatforms) = postSolution
		{C0367A5B-BFC6-49DA-9734-89B9572FE5C3}.Debug|Any CPU.ActiveCfg = Debug|Any CPU
		{C0367A5B-BFC6-49DA-9734-89B9572FE5C3}.Debug|Any CPU.Build.0 = Debug|Any CPU
		{C0367A5B-BFC6-49DA-9734-89B9572FE5C3}.Release|Any CPU.ActiveCfg = Release|Any CPU
		{C0367A5B-BFC6-49DA-9734-89B9572FE5C3}.Release|Any CPU.Build.0 = Release|Any CPU
	EndGlobalSection
	GlobalSection(SolutionProperties) = preSolution
		HideSolutionNode = FALSE
	EndGlobalSection
	GlobalSection(ExtensibilityGlobals) = postSolution
		SolutionGuid = {91A7F7D4-97B2-4235-AE18-FADAFCCA7152}
	EndGlobalSection
EndGlobal
